
Microsoft Visual Studio Solution File, Format Version 12.00
# Visual Studio 14
VisualStudioVersion = 14.0.24720.0
MinimumVisualStudioVersion = 10.0.40219.1
Project("{FAE04EC0-301F-11D3-BF4B-00C04F79EFBC}") = "Trello", "Trello\Trello.csproj", "{3294328D-28E0-406E-8F2C-EC8F184A0387}"
EndProject
Project("{FAE04EC0-301F-11D3-BF4B-00C04F79EFBC}") = "Trello.Tests", "Trello.Tests\Trello.Tests.csproj", "{A0E0E9F0-BE68-4674-AEFA-410ACC837194}"
EndProject
Project("{FAE04EC0-301F-11D3-BF4B-00C04F79EFBC}") = "Trello.DAL", "Trello.DAL\Trello.DAL.csproj", "{886015B6-B4EB-4E14-9341-BDDA64B57355}"
EndProject
Global
	GlobalSection(SolutionConfigurationPlatforms) = preSolution
		Debug|Any CPU = Debug|Any CPU
		Release|Any CPU = Release|Any CPU
	EndGlobalSection
	GlobalSection(ProjectConfigurationPlatforms) = postSolution
		{3294328D-28E0-406E-8F2C-EC8F184A0387}.Debug|Any CPU.ActiveCfg = Debug|Any CPU
		{3294328D-28E0-406E-8F2C-EC8F184A0387}.Debug|Any CPU.Build.0 = Debug|Any CPU
		{3294328D-28E0-406E-8F2C-EC8F184A0387}.Release|Any CPU.ActiveCfg = Release|Any CPU
		{3294328D-28E0-406E-8F2C-EC8F184A0387}.Release|Any CPU.Build.0 = Release|Any CPU
		{A0E0E9F0-BE68-4674-AEFA-410ACC837194}.Debug|Any CPU.ActiveCfg = Debug|Any CPU
		{A0E0E9F0-BE68-4674-AEFA-410ACC837194}.Debug|Any CPU.Build.0 = Debug|Any CPU
		{A0E0E9F0-BE68-4674-AEFA-410ACC837194}.Release|Any CPU.ActiveCfg = Release|Any CPU
		{A0E0E9F0-BE68-4674-AEFA-410ACC837194}.Release|Any CPU.Build.0 = Release|Any CPU
		{886015B6-B4EB-4E14-9341-BDDA64B57355}.Debug|Any CPU.ActiveCfg = Debug|Any CPU
		{886015B6-B4EB-4E14-9341-BDDA64B57355}.Debug|Any CPU.Build.0 = Debug|Any CPU
		{886015B6-B4EB-4E14-9341-BDDA64B57355}.Release|Any CPU.ActiveCfg = Release|Any CPU
		{886015B6-B4EB-4E14-9341-BDDA64B57355}.Release|Any CPU.Build.0 = Release|Any CPU
	EndGlobalSection
	GlobalSection(SolutionProperties) = preSolution
		HideSolutionNode = FALSE
	EndGlobalSection
	GlobalSection(TeamFoundationVersionControl) = preSolution
		SccNumberOfProjects = 4
		SccEnterpriseProvider = {4CA58AB2-18FA-4F8D-95D4-32DDF27D184C}
		SccTeamFoundationServer = https://mohakanban.visualstudio.com/defaultcollection
		SccLocalPath0 = .
		SccProjectUniqueName1 = Trello.Tests\\Trello.Tests.csproj
		SccProjectName1 = Trello.Tests
		SccLocalPath1 = Trello.Tests
		SccProjectUniqueName2 = Trello\\Trello.csproj
		SccProjectName2 = Trello
		SccLocalPath2 = Trello
		SccProjectUniqueName3 = Trello.DAL\\Trello.DAL.csproj
		SccProjectName3 = Trello.DAL
		SccLocalPath3 = Trello.DAL
	EndGlobalSection
EndGlobal
